
Microsoft Visual Studio Solution File, Format Version 12.00
# Visual Studio Version 17
VisualStudioVersion = 17.2.32602.215
MinimumVisualStudioVersion = 10.0.40219.1
Project("{FAE04EC0-301F-11D3-BF4B-00C04F79EFBC}") = "MultiThreadingPractice", "MultiThreadingPractice\MultiThreadingPractice.csproj", "{F90BD947-55EB-4AD5-B4EE-033755C593BE}"
EndProject
Global
	GlobalSection(SolutionConfigurationPlatforms) = preSolution
		Debug|Any CPU = Debug|Any CPU
		Release|Any CPU = Release|Any CPU
	EndGlobalSection
	GlobalSection(ProjectConfigurationPlatforms) = postSolution
		{F90BD947-55EB-4AD5-B4EE-033755C593BE}.Debug|Any CPU.ActiveCfg = Debug|Any CPU
		{F90BD947-55EB-4AD5-B4EE-033755C593BE}.Debug|Any CPU.Build.0 = Debug|Any CPU
		{F90BD947-55EB-4AD5-B4EE-033755C593BE}.Release|Any CPU.ActiveCfg = Release|Any CPU
		{F90BD947-55EB-4AD5-B4EE-033755C593BE}.Release|Any CPU.Build.0 = Release|Any CPU
	EndGlobalSection
	GlobalSection(SolutionProperties) = preSolution
		HideSolutionNode = FALSE
	EndGlobalSection
	GlobalSection(ExtensibilityGlobals) = postSolution
		SolutionGuid = {8D70BE1B-755A-4DE5-88B3-6ACBF447575F}
	EndGlobalSection
EndGlobal
